
Microsoft Visual Studio Solution File, Format Version 12.00
# Visual Studio Version 17
VisualStudioVersion = 17.10.34916.146
MinimumVisualStudioVersion = 10.0.40219.1
Project("{FAE04EC0-301F-11D3-BF4B-00C04F79EFBC}") = "TemperatureConverter", "TemperatureConverter\TemperatureConverter.csproj", "{9422362E-B95D-4B0A-A1E6-F939F2DFFB49}"
EndProject
Global
	GlobalSection(SolutionConfigurationPlatforms) = preSolution
		Debug|Any CPU = Debug|Any CPU
		Release|Any CPU = Release|Any CPU
	EndGlobalSection
	GlobalSection(ProjectConfigurationPlatforms) = postSolution
		{9422362E-B95D-4B0A-A1E6-F939F2DFFB49}.Debug|Any CPU.ActiveCfg = Debug|Any CPU
		{9422362E-B95D-4B0A-A1E6-F939F2DFFB49}.Debug|Any CPU.Build.0 = Debug|Any CPU
		{9422362E-B95D-4B0A-A1E6-F939F2DFFB49}.Release|Any CPU.ActiveCfg = Release|Any CPU
		{9422362E-B95D-4B0A-A1E6-F939F2DFFB49}.Release|Any CPU.Build.0 = Release|Any CPU
	EndGlobalSection
	GlobalSection(SolutionProperties) = preSolution
		HideSolutionNode = FALSE
	EndGlobalSection
	GlobalSection(ExtensibilityGlobals) = postSolution
		SolutionGuid = {586EBAD2-FCF5-4AF2-AAE4-99AE8F8AB950}
	EndGlobalSection
EndGlobal
